<?xml version="1.0" encoding="UTF-8" standalone="yes" ?>
<CodeBlocks_project_file>
	<FileVersion major="1" minor="6" />
	<Project>
		<Option title="pfsshell" />
		<Option pch_mode="2" />
		<Option compiler="gcc" />
		<Build>
			<Target title="pfsshell">
				<Option output="bin/Release/pfsshell" prefix_auto="1" extension_auto="1" />
				<Option object_output="obj/Release/" />
				<Option external_deps="bin/libps2hdd/libps2hdd.def;" />
				<Option type="1" />
				<Option compiler="gcc" />
				<Compiler>
					<Add option="-O2" />
					<Add option="-DNEED_GETLINE" />
					<Add directory="include" />
				</Compiler>
				<Linker>
					<Add option="-s" />
				</Linker>
			</Target>
			<Target title="libps2hdd_dll">
				<Option output="bin/libps2hdd/libps2hdd" imp_lib="bin/libps2hdd/$(TARGET_OUTPUT_BASENAME).a" def_file="bin/libps2hdd/$(TARGET_OUTPUT_BASENAME).def" prefix_auto="1" extension_auto="1" />
				<Option working_dir="bin/libps2hdd/" />
				<Option object_output="obj/libps2hdd/" />
				<Option type="3" />
				<Option compiler="gcc" />
				<Option createDefFile="1" />
				<Option createStaticLib="1" />
				<Option projectCompilerOptionsRelation="1" />
				<Option projectLinkerOptionsRelation="1" />
				<Option projectIncludeDirsRelation="1" />
				<Compiler>
					<Add option="-O2" />
					<Add directory="../../subprojects/apa/include" />
					<Add directory="../../subprojects/apa/irx" />
					<Add directory="../../subprojects/pfs/include" />
					<Add directory="../../subprojects/pfs/irx" />
					<Add directory="../../subprojects/iomanX" />
					<Add directory="../../subprojects/hdlfs" />
					<Add directory="../../subprojects/fakeps2sdk/include" />
					<Add directory="include" />
					<Add directory="../../subprojects" />
				</Compiler>
			</Target>
			<Target title="pfsfuse">
				<Option output="bin/Release/pfsfuse" prefix_auto="1" extension_auto="1" />
				<Option working_dir="bin/Release/" />
				<Option object_output="obj/pfsfuse/" />
				<Option external_deps="bin/libps2hdd/libps2hdd.def;" />
				<Option type="1" />
				<Option compiler="gcc" />
				<Compiler>
					<Add option="-O2" />
					<Add option="-DNEED_GETLINE" />
					<Add option="-D_FILE_OFFSET_BITS=64" />
					<Add directory="../../external/dokany/dokan_fuse/include" />
					<Add directory="include" />
				</Compiler>
				<Linker>
					<Add option="-s" />
					<Add library="../../external/dokany/dokan_fuse/build/libdokanfuse2.dll.a" />
				</Linker>
			</Target>
			<Target title="libps2hdd_static">
				<Option output="bin/libps2hdd/static/ps2hdd" prefix_auto="1" extension_auto="1" />
				<Option working_dir="" />
				<Option object_output="obj/libps2hdd/" />
				<Option type="2" />
				<Option compiler="gcc" />
				<Option createDefFile="1" />
				<Option projectCompilerOptionsRelation="1" />
				<Option projectLinkerOptionsRelation="1" />
				<Option projectIncludeDirsRelation="1" />
				<Compiler>
					<Add option="-O2" />
					<Add directory="../../subprojects/apa/include" />
					<Add directory="../../subprojects/apa/irx" />
					<Add directory="../../subprojects/pfs/include" />
					<Add directory="../../subprojects/pfs/irx" />
					<Add directory="../../subprojects/iomanX" />
					<Add directory="../../subprojects/hdlfs" />
					<Add directory="../../subprojects/fakeps2sdk/include" />
					<Add directory="include" />
				</Compiler>
			</Target>
			<Target title="libps2hdd_dll_x86">
				<Option output="bin/libps2hdd/libps2hdd-x86" imp_lib="bin/libps2hdd/$(TARGET_OUTPUT_BASENAME).a" def_file="bin/libps2hdd/$(TARGET_OUTPUT_BASENAME).def" prefix_auto="1" extension_auto="1" />
				<Option working_dir="bin/libps2hdd/" />
				<Option object_output="obj/libps2hdd-x86/" />
				<Option type="3" />
				<Option compiler="gcc" />
				<Option createDefFile="1" />
				<Option createStaticLib="1" />
				<Option projectCompilerOptionsRelation="1" />
				<Option projectLinkerOptionsRelation="1" />
				<Option projectIncludeDirsRelation="1" />
				<Compiler>
					<Add option="-O2" />
					<Add directory="../../subprojects/apa/include" />
					<Add directory="../../subprojects/apa/irx" />
					<Add directory="../../subprojects/pfs/include" />
					<Add directory="../../subprojects/pfs/irx" />
					<Add directory="../../subprojects/iomanX" />
					<Add directory="../../subprojects/hdlfs" />
					<Add directory="../../subprojects/fakeps2sdk/include" />
					<Add directory="include" />
					<Add directory="../../subprojects" />
				</Compiler>
			</Target>
		</Build>
		<Compiler>
			<Add option="-Wall" />
			<Add directory="../../../pfsshell" />
		</Compiler>
		<Linker>
			<Add library="bin/libps2hdd/libps2hdd.a" />
		</Linker>
		<Unit filename="../../DPRINTF.h" />
		<Unit filename="../../hl.c">
			<Option compilerVar="CC" />
			<Option target="pfsshell" />
			<Option target="pfsfuse" />
		</Unit>
		<Unit filename="../../hl.h">
			<Option target="pfsshell" />
			<Option target="pfsfuse" />
		</Unit>
		<Unit filename="../../host_adapter.c">
			<Option compilerVar="CC" />
			<Option target="pfsshell" />
			<Option target="pfsfuse" />
		</Unit>
		<Unit filename="../../include/PFSShell.h" />
		<Unit filename="../../iomanX_port.h">
			<Option target="pfsshell" />
			<Option target="pfsfuse" />
		</Unit>
		<Unit filename="../../iomanx_adapter.c">
			<Option compilerVar="CC" />
			<Option target="pfsfuse" />
		</Unit>
		<Unit filename="../../shell.c">
			<Option compilerVar="CC" />
			<Option target="pfsshell" />
			<Option target="pfsfuse" />
		</Unit>
		<Unit filename="../../shell.h">
			<Option target="pfsshell" />
			<Option target="pfsfuse" />
		</Unit>
		<Unit filename="../../startup.c">
			<Option compilerVar="CC" />
			<Option target="pfsshell" />
		</Unit>
		<Unit filename="../../subprojects/apa/_init.c">
			<Option compilerVar="CC" />
			<Option target="libps2hdd_dll" />
			<Option target="libps2hdd_static" />
			<Option target="libps2hdd_dll_x86" />
		</Unit>
		<Unit filename="../../subprojects/apa/include/libapa.h">
			<Option target="libps2hdd_dll" />
			<Option target="libps2hdd_static" />
			<Option target="libps2hdd_dll_x86" />
		</Unit>
		<Unit filename="../../subprojects/apa/irx/apa-opt.h">
			<Option target="libps2hdd_dll" />
			<Option target="libps2hdd_static" />
			<Option target="libps2hdd_dll_x86" />
		</Unit>
		<Unit filename="../../subprojects/apa/irx/hdd.c">
			<Option compilerVar="CC" />
			<Option target="libps2hdd_dll" />
			<Option target="libps2hdd_static" />
			<Option target="libps2hdd_dll_x86" />
		</Unit>
		<Unit filename="../../subprojects/apa/irx/hdd.h">
			<Option target="libps2hdd_dll" />
			<Option target="libps2hdd_static" />
			<Option target="libps2hdd_dll_x86" />
		</Unit>
		<Unit filename="../../subprojects/apa/irx/hdd_fio.c">
			<Option compilerVar="CC" />
			<Option target="libps2hdd_dll" />
			<Option target="libps2hdd_static" />
			<Option target="libps2hdd_dll_x86" />
		</Unit>
		<Unit filename="../../subprojects/apa/irx/hdd_fio.h">
			<Option target="libps2hdd_dll" />
			<Option target="libps2hdd_static" />
			<Option target="libps2hdd_dll_x86" />
		</Unit>
		<Unit filename="../../subprojects/apa/irx/irx_imports.h">
			<Option target="libps2hdd_dll" />
			<Option target="libps2hdd_static" />
			<Option target="libps2hdd_dll_x86" />
		</Unit>
		<Unit filename="../../subprojects/apa/src/apa.c">
			<Option compilerVar="CC" />
			<Option target="libps2hdd_dll" />
			<Option target="libps2hdd_static" />
			<Option target="libps2hdd_dll_x86" />
		</Unit>
		<Unit filename="../../subprojects/apa/src/cache.c">
			<Option compilerVar="CC" />
			<Option target="libps2hdd_dll" />
			<Option target="libps2hdd_static" />
			<Option target="libps2hdd_dll_x86" />
		</Unit>
		<Unit filename="../../subprojects/apa/src/free.c">
			<Option compilerVar="CC" />
			<Option target="libps2hdd_dll" />
			<Option target="libps2hdd_static" />
			<Option target="libps2hdd_dll_x86" />
		</Unit>
		<Unit filename="../../subprojects/apa/src/journal.c">
			<Option compilerVar="CC" />
			<Option target="libps2hdd_dll" />
			<Option target="libps2hdd_static" />
			<Option target="libps2hdd_dll_x86" />
		</Unit>
		<Unit filename="../../subprojects/apa/src/misc.c">
			<Option compilerVar="CC" />
			<Option target="libps2hdd_dll" />
			<Option target="libps2hdd_static" />
			<Option target="libps2hdd_dll_x86" />
		</Unit>
		<Unit filename="../../subprojects/apa/src/password.c">
			<Option compilerVar="CC" />
			<Option target="libps2hdd_dll" />
			<Option target="libps2hdd_static" />
			<Option target="libps2hdd_dll_x86" />
		</Unit>
		<Unit filename="../../subprojects/fakeps2sdk/atad.c">
			<Option compilerVar="CC" />
			<Option target="libps2hdd_dll" />
			<Option target="libps2hdd_static" />
			<Option target="libps2hdd_dll_x86" />
		</Unit>
		<Unit filename="../../subprojects/fakeps2sdk/include/atad.h">
			<Option target="libps2hdd_dll" />
			<Option target="libps2hdd_static" />
			<Option target="libps2hdd_dll_x86" />
		</Unit>
		<Unit filename="../../subprojects/fakeps2sdk/include/dev9.h">
			<Option target="libps2hdd_dll" />
			<Option target="libps2hdd_static" />
			<Option target="libps2hdd_dll_x86" />
		</Unit>
		<Unit filename="../../subprojects/fakeps2sdk/include/hdd-ioctl.h">
			<Option target="libps2hdd_dll" />
			<Option target="libps2hdd_static" />
			<Option target="libps2hdd_dll_x86" />
		</Unit>
		<Unit filename="../../subprojects/fakeps2sdk/include/intrman.h">
			<Option target="libps2hdd_dll" />
			<Option target="libps2hdd_static" />
			<Option target="libps2hdd_dll_x86" />
		</Unit>
		<Unit filename="../../subprojects/fakeps2sdk/include/iomanX.h">
			<Option target="libps2hdd_dll" />
			<Option target="libps2hdd_static" />
			<Option target="libps2hdd_dll_x86" />
		</Unit>
		<Unit filename="../../subprojects/fakeps2sdk/include/irx.h">
			<Option target="libps2hdd_dll" />
			<Option target="libps2hdd_static" />
			<Option target="libps2hdd_dll_x86" />
		</Unit>
		<Unit filename="../../subprojects/fakeps2sdk/include/loadcore.h">
			<Option target="libps2hdd_dll" />
			<Option target="libps2hdd_static" />
			<Option target="libps2hdd_dll_x86" />
		</Unit>
		<Unit filename="../../subprojects/fakeps2sdk/include/sysclib.h">
			<Option target="libps2hdd_dll" />
			<Option target="libps2hdd_static" />
			<Option target="libps2hdd_dll_x86" />
		</Unit>
		<Unit filename="../../subprojects/fakeps2sdk/include/thbase.h">
			<Option target="libps2hdd_dll" />
			<Option target="libps2hdd_static" />
			<Option target="libps2hdd_dll_x86" />
		</Unit>
		<Unit filename="../../subprojects/fakeps2sdk/include/thsemap.h">
			<Option target="libps2hdd_dll" />
			<Option target="libps2hdd_static" />
			<Option target="libps2hdd_dll_x86" />
		</Unit>
		<Unit filename="../../subprojects/fakeps2sdk/include/types.h">
			<Option target="libps2hdd_dll" />
			<Option target="libps2hdd_static" />
			<Option target="libps2hdd_dll_x86" />
		</Unit>
		<Unit filename="../../subprojects/fakeps2sdk/thsemap.c">
			<Option compilerVar="CC" />
			<Option target="libps2hdd_dll" />
			<Option target="libps2hdd_static" />
			<Option target="libps2hdd_dll_x86" />
		</Unit>
		<Unit filename="../../subprojects/hdlfs/_init.c">
			<Option compilerVar="CC" />
			<Option target="libps2hdd_dll" />
			<Option target="libps2hdd_static" />
			<Option target="libps2hdd_dll_x86" />
		</Unit>
		<Unit filename="../../subprojects/hdlfs/hdlfs.h">
			<Option target="libps2hdd_dll" />
			<Option target="libps2hdd_static" />
			<Option target="libps2hdd_dll_x86" />
		</Unit>
		<Unit filename="../../subprojects/hdlfs/irx_imports.h">
			<Option target="libps2hdd_dll" />
			<Option target="libps2hdd_static" />
			<Option target="libps2hdd_dll_x86" />
		</Unit>
		<Unit filename="../../subprojects/hdlfs/main.c">
			<Option compilerVar="CC" />
			<Option target="libps2hdd_dll" />
			<Option target="libps2hdd_static" />
			<Option target="libps2hdd_dll_x86" />
		</Unit>
		<Unit filename="../../subprojects/iomanX/iomanX.c">
			<Option compilerVar="CC" />
			<Option target="libps2hdd_dll" />
			<Option target="libps2hdd_static" />
			<Option target="libps2hdd_dll_x86" />
		</Unit>
		<Unit filename="../../subprojects/iomanX/irx_imports.h">
			<Option target="libps2hdd_dll" />
			<Option target="libps2hdd_static" />
			<Option target="libps2hdd_dll_x86" />
		</Unit>
		<Unit filename="../../subprojects/pfs/_init.c">
			<Option compilerVar="CC" />
			<Option target="libps2hdd_dll" />
			<Option target="libps2hdd_static" />
			<Option target="libps2hdd_dll_x86" />
		</Unit>
		<Unit filename="../../subprojects/pfs/include/libpfs.h">
			<Option target="libps2hdd_dll" />
			<Option target="libps2hdd_static" />
			<Option target="libps2hdd_dll_x86" />
		</Unit>
		<Unit filename="../../subprojects/pfs/irx/irx_imports.h">
			<Option target="libps2hdd_dll" />
			<Option target="libps2hdd_static" />
			<Option target="libps2hdd_dll_x86" />
		</Unit>
		<Unit filename="../../subprojects/pfs/irx/pfs-opt.h">
			<Option target="libps2hdd_dll" />
			<Option target="libps2hdd_static" />
			<Option target="libps2hdd_dll_x86" />
		</Unit>
		<Unit filename="../../subprojects/pfs/irx/pfs.c">
			<Option compilerVar="CC" />
			<Option target="libps2hdd_dll" />
			<Option target="libps2hdd_static" />
			<Option target="libps2hdd_dll_x86" />
		</Unit>
		<Unit filename="../../subprojects/pfs/irx/pfs.h">
			<Option target="libps2hdd_dll" />
			<Option target="libps2hdd_static" />
			<Option target="libps2hdd_dll_x86" />
		</Unit>
		<Unit filename="../../subprojects/pfs/irx/pfs_fio.c">
			<Option compilerVar="CC" />
			<Option target="libps2hdd_dll" />
			<Option target="libps2hdd_static" />
			<Option target="libps2hdd_dll_x86" />
		</Unit>
		<Unit filename="../../subprojects/pfs/irx/pfs_fio.h">
			<Option target="libps2hdd_dll" />
			<Option target="libps2hdd_static" />
			<Option target="libps2hdd_dll_x86" />
		</Unit>
		<Unit filename="../../subprojects/pfs/irx/pfs_fioctl.c">
			<Option compilerVar="CC" />
			<Option target="libps2hdd_dll" />
			<Option target="libps2hdd_static" />
			<Option target="libps2hdd_dll_x86" />
		</Unit>
		<Unit filename="../../subprojects/pfs/irx/pfs_fioctl.h">
			<Option target="libps2hdd_dll" />
			<Option target="libps2hdd_static" />
			<Option target="libps2hdd_dll_x86" />
		</Unit>
		<Unit filename="../../subprojects/pfs/src/bitmap.c">
			<Option compilerVar="CC" />
			<Option target="libps2hdd_dll" />
			<Option target="libps2hdd_static" />
			<Option target="libps2hdd_dll_x86" />
		</Unit>
		<Unit filename="../../subprojects/pfs/src/block.c">
			<Option compilerVar="CC" />
			<Option target="libps2hdd_dll" />
			<Option target="libps2hdd_static" />
			<Option target="libps2hdd_dll_x86" />
		</Unit>
		<Unit filename="../../subprojects/pfs/src/blockWrite.c">
			<Option compilerVar="CC" />
			<Option target="libps2hdd_dll" />
			<Option target="libps2hdd_static" />
			<Option target="libps2hdd_dll_x86" />
		</Unit>
		<Unit filename="../../subprojects/pfs/src/cache.c">
			<Option compilerVar="CC" />
			<Option target="libps2hdd_dll" />
			<Option target="libps2hdd_static" />
			<Option target="libps2hdd_dll_x86" />
		</Unit>
		<Unit filename="../../subprojects/pfs/src/dir.c">
			<Option compilerVar="CC" />
			<Option target="libps2hdd_dll" />
			<Option target="libps2hdd_static" />
			<Option target="libps2hdd_dll_x86" />
		</Unit>
		<Unit filename="../../subprojects/pfs/src/inode.c">
			<Option compilerVar="CC" />
			<Option target="libps2hdd_dll" />
			<Option target="libps2hdd_static" />
			<Option target="libps2hdd_dll_x86" />
		</Unit>
		<Unit filename="../../subprojects/pfs/src/journal.c">
			<Option compilerVar="CC" />
			<Option target="libps2hdd_dll" />
			<Option target="libps2hdd_static" />
			<Option target="libps2hdd_dll_x86" />
		</Unit>
		<Unit filename="../../subprojects/pfs/src/misc.c">
			<Option compilerVar="CC" />
			<Option target="libps2hdd_dll" />
			<Option target="libps2hdd_static" />
			<Option target="libps2hdd_dll_x86" />
		</Unit>
		<Unit filename="../../subprojects/pfs/src/super.c">
			<Option compilerVar="CC" />
			<Option target="libps2hdd_dll" />
			<Option target="libps2hdd_static" />
			<Option target="libps2hdd_dll_x86" />
		</Unit>
		<Unit filename="../../subprojects/pfs/src/superWrite.c">
			<Option compilerVar="CC" />
			<Option target="libps2hdd_dll" />
			<Option target="libps2hdd_static" />
			<Option target="libps2hdd_dll_x86" />
		</Unit>
		<Unit filename="../../util.c">
			<Option compilerVar="CC" />
			<Option target="pfsshell" />
			<Option target="pfsfuse" />
		</Unit>
		<Unit filename="../../util.h">
			<Option target="pfsshell" />
			<Option target="pfsfuse" />
		</Unit>
		<Extensions>
			<lib_finder disable_auto="1" />
		</Extensions>
	</Project>
</CodeBlocks_project_file>
